// !$*UTF8*$!
{
	archiveVersion = 1;
	classes = {
	};
	objectVersion = 56;
	objects = {

/* Begin PBXBuildFile section */
		CB4248932C6098C400413ABC /* SwiftUI_CleanArchitectureApp.swift in Sources */ = {isa = PBXBuildFile; fileRef = CB4248922C6098C400413ABC /* SwiftUI_CleanArchitectureApp.swift */; };
		CB4248972C6098C600413ABC /* Assets.xcassets in Resources */ = {isa = PBXBuildFile; fileRef = CB4248962C6098C600413ABC /* Assets.xcassets */; };
		CB42489A2C6098C600413ABC /* Preview Assets.xcassets in Resources */ = {isa = PBXBuildFile; fileRef = CB4248992C6098C600413ABC /* Preview Assets.xcassets */; };
		CB4248AC2C609C0A00413ABC /* UserListView.swift in Sources */ = {isa = PBXBuildFile; fileRef = CB4248AB2C609C0A00413ABC /* UserListView.swift */; };
		CB4248B02C609C3A00413ABC /* UserListViewModel.swift in Sources */ = {isa = PBXBuildFile; fileRef = CB4248AF2C609C3A00413ABC /* UserListViewModel.swift */; };
		CB4248B52C609DB000413ABC /* DependencyManager.swift in Sources */ = {isa = PBXBuildFile; fileRef = CB4248B42C609DB000413ABC /* DependencyManager.swift */; };
		CB4248B82C609FB800413ABC /* APIService.swift in Sources */ = {isa = PBXBuildFile; fileRef = CB4248B72C609FB800413ABC /* APIService.swift */; };
		CB4248BB2C609FE200413ABC /* UserRepository.swift in Sources */ = {isa = PBXBuildFile; fileRef = CB4248BA2C609FE200413ABC /* UserRepository.swift */; };
		CB4248BF2C60A11300413ABC /* User.swift in Sources */ = {isa = PBXBuildFile; fileRef = CB4248BE2C60A11300413ABC /* User.swift */; };
		CB4248C12C60A12400413ABC /* FetchUsersUseCase.swift in Sources */ = {isa = PBXBuildFile; fileRef = CB4248C02C60A12400413ABC /* FetchUsersUseCase.swift */; };
/* End PBXBuildFile section */

/* Begin PBXFileReference section */
		CB42488F2C6098C400413ABC /* SwiftUI-CleanArchitecture.app */ = {isa = PBXFileReference; explicitFileType = wrapper.application; includeInIndex = 0; path = "SwiftUI-CleanArchitecture.app"; sourceTree = BUILT_PRODUCTS_DIR; };
		CB4248922C6098C400413ABC /* SwiftUI_CleanArchitectureApp.swift */ = {isa = PBXFileReference; lastKnownFileType = sourcecode.swift; path = SwiftUI_CleanArchitectureApp.swift; sourceTree = "<group>"; };
		CB4248962C6098C600413ABC /* Assets.xcassets */ = {isa = PBXFileReference; lastKnownFileType = folder.assetcatalog; path = Assets.xcassets; sourceTree = "<group>"; };
		CB4248992C6098C600413ABC /* Preview Assets.xcassets */ = {isa = PBXFileReference; lastKnownFileType = folder.assetcatalog; path = "Preview Assets.xcassets"; sourceTree = "<group>"; };
		CB4248AB2C609C0A00413ABC /* UserListView.swift */ = {isa = PBXFileReference; lastKnownFileType = sourcecode.swift; path = UserListView.swift; sourceTree = "<group>"; };
		CB4248AF2C609C3A00413ABC /* UserListViewModel.swift */ = {isa = PBXFileReference; lastKnownFileType = sourcecode.swift; path = UserListViewModel.swift; sourceTree = "<group>"; };
		CB4248B42C609DB000413ABC /* DependencyManager.swift */ = {isa = PBXFileReference; lastKnownFileType = sourcecode.swift; path = DependencyManager.swift; sourceTree = "<group>"; };
		CB4248B72C609FB800413ABC /* APIService.swift */ = {isa = PBXFileReference; lastKnownFileType = sourcecode.swift; path = APIService.swift; sourceTree = "<group>"; };
		CB4248BA2C609FE200413ABC /* UserRepository.swift */ = {isa = PBXFileReference; lastKnownFileType = sourcecode.swift; path = UserRepository.swift; sourceTree = "<group>"; };
		CB4248BE2C60A11300413ABC /* User.swift */ = {isa = PBXFileReference; lastKnownFileType = sourcecode.swift; path = User.swift; sourceTree = "<group>"; };
		CB4248C02C60A12400413ABC /* FetchUsersUseCase.swift */ = {isa = PBXFileReference; lastKnownFileType = sourcecode.swift; path = FetchUsersUseCase.swift; sourceTree = "<group>"; };
/* End PBXFileReference section */

/* Begin PBXFrameworksBuildPhase section */
		CB42488C2C6098C400413ABC /* Frameworks */ = {
			isa = PBXFrameworksBuildPhase;
			buildActionMask = 2147483647;
			files = (
			);
			runOnlyForDeploymentPostprocessing = 0;
		};
/* End PBXFrameworksBuildPhase section */

/* Begin PBXGroup section */
		CB4248862C6098C400413ABC = {
			isa = PBXGroup;
			children = (
				CB4248912C6098C400413ABC /* SwiftUI-CleanArchitecture */,
				CB4248902C6098C400413ABC /* Products */,
			);
			sourceTree = "<group>";
		};
		CB4248902C6098C400413ABC /* Products */ = {
			isa = PBXGroup;
			children = (
				CB42488F2C6098C400413ABC /* SwiftUI-CleanArchitecture.app */,
			);
			name = Products;
			sourceTree = "<group>";
		};
		CB4248912C6098C400413ABC /* SwiftUI-CleanArchitecture */ = {
			isa = PBXGroup;
			children = (
				CB4248922C6098C400413ABC /* SwiftUI_CleanArchitectureApp.swift */,
				CB4248B12C609D6400413ABC /* DomainLayer */,
				CB4248B22C609D6C00413ABC /* DataLayer */,
				CB4248A32C609B9700413ABC /* PresentationLayer */,
				CB4248B32C609D9800413ABC /* DI */,
				CB4248962C6098C600413ABC /* Assets.xcassets */,
				CB4248982C6098C600413ABC /* Preview Content */,
			);
			path = "SwiftUI-CleanArchitecture";
			sourceTree = "<group>";
		};
		CB4248982C6098C600413ABC /* Preview Content */ = {
			isa = PBXGroup;
			children = (
				CB4248992C6098C600413ABC /* Preview Assets.xcassets */,
			);
			path = "Preview Content";
			sourceTree = "<group>";
		};
		CB4248A32C609B9700413ABC /* PresentationLayer */ = {
			isa = PBXGroup;
			children = (
				CB4248A62C609BB600413ABC /* Views */,
				CB4248A52C609BAD00413ABC /* ViewModels */,
			);
			path = PresentationLayer;
			sourceTree = "<group>";
		};
		CB4248A52C609BAD00413ABC /* ViewModels */ = {
			isa = PBXGroup;
			children = (
				CB4248AF2C609C3A00413ABC /* UserListViewModel.swift */,
			);
			path = ViewModels;
			sourceTree = "<group>";
		};
		CB4248A62C609BB600413ABC /* Views */ = {
			isa = PBXGroup;
			children = (
				CB4248AB2C609C0A00413ABC /* UserListView.swift */,
			);
			path = Views;
			sourceTree = "<group>";
		};
		CB4248B12C609D6400413ABC /* DomainLayer */ = {
			isa = PBXGroup;
			children = (
				CB4248BD2C60A10500413ABC /* Models */,
				CB4248BC2C60A00E00413ABC /* UseCases */,
			);
			path = DomainLayer;
			sourceTree = "<group>";
		};
		CB4248B22C609D6C00413ABC /* DataLayer */ = {
			isa = PBXGroup;
			children = (
				CB4248B92C609FC500413ABC /* Repositories */,
				CB4248B62C609FAA00413ABC /* API */,
			);
			path = DataLayer;
			sourceTree = "<group>";
		};
		CB4248B32C609D9800413ABC /* DI */ = {
			isa = PBXGroup;
			children = (
				CB4248B42C609DB000413ABC /* DependencyManager.swift */,
			);
			path = DI;
			sourceTree = "<group>";
		};
		CB4248B62C609FAA00413ABC /* API */ = {
			isa = PBXGroup;
			children = (
				CB4248B72C609FB800413ABC /* APIService.swift */,
			);
			path = API;
			sourceTree = "<group>";
		};
		CB4248B92C609FC500413ABC /* Repositories */ = {
			isa = PBXGroup;
			children = (
				CB4248BA2C609FE200413ABC /* UserRepository.swift */,
			);
			path = Repositories;
			sourceTree = "<group>";
		};
		CB4248BC2C60A00E00413ABC /* UseCases */ = {
			isa = PBXGroup;
			children = (
				CB4248C02C60A12400413ABC /* FetchUsersUseCase.swift */,
			);
			path = UseCases;
			sourceTree = "<group>";
		};
		CB4248BD2C60A10500413ABC /* Models */ = {
			isa = PBXGroup;
			children = (
				CB4248BE2C60A11300413ABC /* User.swift */,
			);
			path = Models;
			sourceTree = "<group>";
		};
/* End PBXGroup section */

/* Begin PBXNativeTarget section */
		CB42488E2C6098C400413ABC /* SwiftUI-CleanArchitecture */ = {
			isa = PBXNativeTarget;
			buildConfigurationList = CB42489D2C6098C600413ABC /* Build configuration list for PBXNativeTarget "SwiftUI-CleanArchitecture" */;
			buildPhases = (
				CB42488B2C6098C400413ABC /* Sources */,
				CB42488C2C6098C400413ABC /* Frameworks */,
				CB42488D2C6098C400413ABC /* Resources */,
			);
			buildRules = (
			);
			dependencies = (
			);
			name = "SwiftUI-CleanArchitecture";
			productName = "SwiftUI-CleanArchitecture";
			productReference = CB42488F2C6098C400413ABC /* SwiftUI-CleanArchitecture.app */;
			productType = "com.apple.product-type.application";
		};
/* End PBXNativeTarget section */

/* Begin PBXProject section */
		CB4248872C6098C400413ABC /* Project object */ = {
			isa = PBXProject;
			attributes = {
				BuildIndependentTargetsInParallel = 1;
				LastSwiftUpdateCheck = 1540;
				LastUpgradeCheck = 1540;
				TargetAttributes = {
					CB42488E2C6098C400413ABC = {
						CreatedOnToolsVersion = 15.4;
					};
				};
			};
			buildConfigurationList = CB42488A2C6098C400413ABC /* Build configuration list for PBXProject "SwiftUI-CleanArchitecture" */;
			compatibilityVersion = "Xcode 14.0";
			developmentRegion = en;
			hasScannedForEncodings = 0;
			knownRegions = (
				en,
				Base,
			);
			mainGroup = CB4248862C6098C400413ABC;
			productRefGroup = CB4248902C6098C400413ABC /* Products */;
			projectDirPath = "";
			projectRoot = "";
			targets = (
				CB42488E2C6098C400413ABC /* SwiftUI-CleanArchitecture */,
			);
		};
/* End PBXProject section */

/* Begin PBXResourcesBuildPhase section */
		CB42488D2C6098C400413ABC /* Resources */ = {
			isa = PBXResourcesBuildPhase;
			buildActionMask = 2147483647;
			files = (
				CB42489A2C6098C600413ABC /* Preview Assets.xcassets in Resources */,
				CB4248972C6098C600413ABC /* Assets.xcassets in Resources */,
			);
			runOnlyForDeploymentPostprocessing = 0;
		};
/* End PBXResourcesBuildPhase section */

/* Begin PBXSourcesBuildPhase section */
		CB42488B2C6098C400413ABC /* Sources */ = {
			isa = PBXSourcesBuildPhase;
			buildActionMask = 2147483647;
			files = (
				CB4248AC2C609C0A00413ABC /* UserListView.swift in Sources */,
				CB4248C12C60A12400413ABC /* FetchUsersUseCase.swift in Sources */,
				CB4248B52C609DB000413ABC /* DependencyManager.swift in Sources */,
				CB4248BB2C609FE200413ABC /* UserRepository.swift in Sources */,
				CB4248BF2C60A11300413ABC /* User.swift in Sources */,
				CB4248B02C609C3A00413ABC /* UserListViewModel.swift in Sources */,
				CB4248B82C609FB800413ABC /* APIService.swift in Sources */,
				CB4248932C6098C400413ABC /* SwiftUI_CleanArchitectureApp.swift in Sources */,
			);
			runOnlyForDeploymentPostprocessing = 0;
		};
/* End PBXSourcesBuildPhase section */

/* Begin XCBuildConfiguration section */
		CB42489B2C6098C600413ABC /* Debug */ = {
			isa = XCBuildConfiguration;
			buildSettings = {
				ALWAYS_SEARCH_USER_PATHS = NO;
				ASSETCATALOG_COMPILER_GENERATE_SWIFT_ASSET_SYMBOL_EXTENSIONS = YES;
				CLANG_ANALYZER_NONNULL = YES;
				CLANG_ANALYZER_NUMBER_OBJECT_CONVERSION = YES_AGGRESSIVE;
				CLANG_CXX_LANGUAGE_STANDARD = "gnu++20";
				CLANG_ENABLE_MODULES = YES;
				CLANG_ENABLE_OBJC_ARC = YES;
				CLANG_ENABLE_OBJC_WEAK = YES;
				CLANG_WARN_BLOCK_CAPTURE_AUTORELEASING = YES;
				CLANG_WARN_BOOL_CONVERSION = YES;
				CLANG_WARN_COMMA = YES;
				CLANG_WARN_CONSTANT_CONVERSION = YES;
				CLANG_WARN_DEPRECATED_OBJC_IMPLEMENTATIONS = YES;
				CLANG_WARN_DIRECT_OBJC_ISA_USAGE = YES_ERROR;
				CLANG_WARN_DOCUMENTATION_COMMENTS = YES;
				CLANG_WARN_EMPTY_BODY = YES;
				CLANG_WARN_ENUM_CONVERSION = YES;
				CLANG_WARN_INFINITE_RECURSION = YES;
				CLANG_WARN_INT_CONVERSION = YES;
				CLANG_WARN_NON_LITERAL_NULL_CONVERSION = YES;
				CLANG_WARN_OBJC_IMPLICIT_RETAIN_SELF = YES;
				CLANG_WARN_OBJC_LITERAL_CONVERSION = YES;
				CLANG_WARN_OBJC_ROOT_CLASS = YES_ERROR;
				CLANG_WARN_QUOTED_INCLUDE_IN_FRAMEWORK_HEADER = YES;
				CLANG_WARN_RANGE_LOOP_ANALYSIS = YES;
				CLANG_WARN_STRICT_PROTOTYPES = YES;
				CLANG_WARN_SUSPICIOUS_MOVE = YES;
				CLANG_WARN_UNGUARDED_AVAILABILITY = YES_AGGRESSIVE;
				CLANG_WARN_UNREACHABLE_CODE = YES;
				CLANG_WARN__DUPLICATE_METHOD_MATCH = YES;
				COPY_PHASE_STRIP = NO;
				DEBUG_INFORMATION_FORMAT = dwarf;
				ENABLE_STRICT_OBJC_MSGSEND = YES;
				ENABLE_TESTABILITY = YES;
				ENABLE_USER_SCRIPT_SANDBOXING = YES;
				GCC_C_LANGUAGE_STANDARD = gnu17;
				GCC_DYNAMIC_NO_PIC = NO;
				GCC_NO_COMMON_BLOCKS = YES;
				GCC_OPTIMIZATION_LEVEL = 0;
				GCC_PREPROCESSOR_DEFINITIONS = (
					"DEBUG=1",
					"$(inherited)",
				);
				GCC_WARN_64_TO_32_BIT_CONVERSION = YES;
				GCC_WARN_ABOUT_RETURN_TYPE = YES_ERROR;
				GCC_WARN_UNDECLARED_SELECTOR = YES;
				GCC_WARN_UNINITIALIZED_AUTOS = YES_AGGRESSIVE;
				GCC_WARN_UNUSED_FUNCTION = YES;
				GCC_WARN_UNUSED_VARIABLE = YES;
				IPHONEOS_DEPLOYMENT_TARGET = 17.5;
				LOCALIZATION_PREFERS_STRING_CATALOGS = YES;
				MTL_ENABLE_DEBUG_INFO = INCLUDE_SOURCE;
				MTL_FAST_MATH = YES;
				ONLY_ACTIVE_ARCH = YES;
				SDKROOT = iphoneos;
				SWIFT_ACTIVE_COMPILATION_CONDITIONS = "DEBUG $(inherited)";
				SWIFT_OPTIMIZATION_LEVEL = "-Onone";
			};
			name = Debug;
		};
		CB42489C2C6098C600413ABC /* Release */ = {
			isa = XCBuildConfiguration;
			buildSettings = {
				ALWAYS_SEARCH_USER_PATHS = NO;
				ASSETCATALOG_COMPILER_GENERATE_SWIFT_ASSET_SYMBOL_EXTENSIONS = YES;
				CLANG_ANALYZER_NONNULL = YES;
				CLANG_ANALYZER_NUMBER_OBJECT_CONVERSION = YES_AGGRESSIVE;
				CLANG_CXX_LANGUAGE_STANDARD = "gnu++20";
				CLANG_ENABLE_MODULES = YES;
				CLANG_ENABLE_OBJC_ARC = YES;
				CLANG_ENABLE_OBJC_WEAK = YES;
				CLANG_WARN_BLOCK_CAPTURE_AUTORELEASING = YES;
				CLANG_WARN_BOOL_CONVERSION = YES;
				CLANG_WARN_COMMA = YES;
				CLANG_WARN_CONSTANT_CONVERSION = YES;
				CLANG_WARN_DEPRECATED_OBJC_IMPLEMENTATIONS = YES;
				CLANG_WARN_DIRECT_OBJC_ISA_USAGE = YES_ERROR;
				CLANG_WARN_DOCUMENTATION_COMMENTS = YES;
				CLANG_WARN_EMPTY_BODY = YES;
				CLANG_WARN_ENUM_CONVERSION = YES;
				CLANG_WARN_INFINITE_RECURSION = YES;
				CLANG_WARN_INT_CONVERSION = YES;
				CLANG_WARN_NON_LITERAL_NULL_CONVERSION = YES;
				CLANG_WARN_OBJC_IMPLICIT_RETAIN_SELF = YES;
				CLANG_WARN_OBJC_LITERAL_CONVERSION = YES;
				CLANG_WARN_OBJC_ROOT_CLASS = YES_ERROR;
				CLANG_WARN_QUOTED_INCLUDE_IN_FRAMEWORK_HEADER = YES;
				CLANG_WARN_RANGE_LOOP_ANALYSIS = YES;
				CLANG_WARN_STRICT_PROTOTYPES = YES;
				CLANG_WARN_SUSPICIOUS_MOVE = YES;
				CLANG_WARN_UNGUARDED_AVAILABILITY = YES_AGGRESSIVE;
				CLANG_WARN_UNREACHABLE_CODE = YES;
				CLANG_WARN__DUPLICATE_METHOD_MATCH = YES;
				COPY_PHASE_STRIP = NO;
				DEBUG_INFORMATION_FORMAT = "dwarf-with-dsym";
				ENABLE_NS_ASSERTIONS = NO;
				ENABLE_STRICT_OBJC_MSGSEND = YES;
				ENABLE_USER_SCRIPT_SANDBOXING = YES;
				GCC_C_LANGUAGE_STANDARD = gnu17;
				GCC_NO_COMMON_BLOCKS = YES;
				GCC_WARN_64_TO_32_BIT_CONVERSION = YES;
				GCC_WARN_ABOUT_RETURN_TYPE = YES_ERROR;
				GCC_WARN_UNDECLARED_SELECTOR = YES;
				GCC_WARN_UNINITIALIZED_AUTOS = YES_AGGRESSIVE;
				GCC_WARN_UNUSED_FUNCTION = YES;
				GCC_WARN_UNUSED_VARIABLE = YES;
				IPHONEOS_DEPLOYMENT_TARGET = 17.5;
				LOCALIZATION_PREFERS_STRING_CATALOGS = YES;
				MTL_ENABLE_DEBUG_INFO = NO;
				MTL_FAST_MATH = YES;
				SDKROOT = iphoneos;
				SWIFT_COMPILATION_MODE = wholemodule;
				VALIDATE_PRODUCT = YES;
			};
			name = Release;
		};
		CB42489E2C6098C600413ABC /* Debug */ = {
			isa = XCBuildConfiguration;
			buildSettings = {
				ASSETCATALOG_COMPILER_APPICON_NAME = AppIcon;
				ASSETCATALOG_COMPILER_GLOBAL_ACCENT_COLOR_NAME = AccentColor;
				CODE_SIGN_STYLE = Automatic;
				CURRENT_PROJECT_VERSION = 1;
				DEVELOPMENT_ASSET_PATHS = "\"SwiftUI-CleanArchitecture/Preview Content\"";
				ENABLE_PREVIEWS = YES;
				GENERATE_INFOPLIST_FILE = YES;
				INFOPLIST_KEY_UIApplicationSceneManifest_Generation = YES;
				INFOPLIST_KEY_UIApplicationSupportsIndirectInputEvents = YES;
				INFOPLIST_KEY_UILaunchScreen_Generation = YES;
				INFOPLIST_KEY_UISupportedInterfaceOrientations_iPad = "UIInterfaceOrientationPortrait UIInterfaceOrientationPortraitUpsideDown UIInterfaceOrientationLandscapeLeft UIInterfaceOrientationLandscapeRight";
				INFOPLIST_KEY_UISupportedInterfaceOrientations_iPhone = "UIInterfaceOrientationPortrait UIInterfaceOrientationLandscapeLeft UIInterfaceOrientationLandscapeRight";
				LD_RUNPATH_SEARCH_PATHS = (
					"$(inherited)",
					"@executable_path/Frameworks",
				);
				MARKETING_VERSION = 1.0;
				PRODUCT_BUNDLE_IDENTIFIER = "com.swiftui.practice.SwiftUI-CleanArchitecture";
				PRODUCT_NAME = "$(TARGET_NAME)";
				SWIFT_EMIT_LOC_STRINGS = YES;
				SWIFT_VERSION = 5.0;
				TARGETED_DEVICE_FAMILY = "1,2";
			};
			name = Debug;
		};
		CB42489F2C6098C600413ABC /* Release */ = {
			isa = XCBuildConfiguration;
			buildSettings = {
				ASSETCATALOG_COMPILER_APPICON_NAME = AppIcon;
				ASSETCATALOG_COMPILER_GLOBAL_ACCENT_COLOR_NAME = AccentColor;
				CODE_SIGN_STYLE = Automatic;
				CURRENT_PROJECT_VERSION = 1;
				DEVELOPMENT_ASSET_PATHS = "\"SwiftUI-CleanArchitecture/Preview Content\"";
				ENABLE_PREVIEWS = YES;
				GENERATE_INFOPLIST_FILE = YES;
				INFOPLIST_KEY_UIApplicationSceneManifest_Generation = YES;
				INFOPLIST_KEY_UIApplicationSupportsIndirectInputEvents = YES;
				INFOPLIST_KEY_UILaunchScreen_Generation = YES;
				INFOPLIST_KEY_UISupportedInterfaceOrientations_iPad = "UIInterfaceOrientationPortrait UIInterfaceOrientationPortraitUpsideDown UIInterfaceOrientationLandscapeLeft UIInterfaceOrientationLandscapeRight";
				INFOPLIST_KEY_UISupportedInterfaceOrientations_iPhone = "UIInterfaceOrientationPortrait UIInterfaceOrientationLandscapeLeft UIInterfaceOrientationLandscapeRight";
				LD_RUNPATH_SEARCH_PATHS = (
					"$(inherited)",
					"@executable_path/Frameworks",
				);
				MARKETING_VERSION = 1.0;
				PRODUCT_BUNDLE_IDENTIFIER = "com.swiftui.practice.SwiftUI-CleanArchitecture";
				PRODUCT_NAME = "$(TARGET_NAME)";
				SWIFT_EMIT_LOC_STRINGS = YES;
				SWIFT_VERSION = 5.0;
				TARGETED_DEVICE_FAMILY = "1,2";
			};
			name = Release;
		};
/* End XCBuildConfiguration section */

/* Begin XCConfigurationList section */
		CB42488A2C6098C400413ABC /* Build configuration list for PBXProject "SwiftUI-CleanArchitecture" */ = {
			isa = XCConfigurationList;
			buildConfigurations = (
				CB42489B2C6098C600413ABC /* Debug */,
				CB42489C2C6098C600413ABC /* Release */,
			);
			defaultConfigurationIsVisible = 0;
			defaultConfigurationName = Release;
		};
		CB42489D2C6098C600413ABC /* Build configuration list for PBXNativeTarget "SwiftUI-CleanArchitecture" */ = {
			isa = XCConfigurationList;
			buildConfigurations = (
				CB42489E2C6098C600413ABC /* Debug */,
				CB42489F2C6098C600413ABC /* Release */,
			);
			defaultConfigurationIsVisible = 0;
			defaultConfigurationName = Release;
		};
/* End XCConfigurationList section */
	};
	rootObject = CB4248872C6098C400413ABC /* Project object */;
}
